
Microsoft Visual Studio Solution File, Format Version 12.00
# Visual Studio Version 16
VisualStudioVersion = 16.0.30804.86
MinimumVisualStudioVersion = 10.0.40219.1
Project("{FAE04EC0-301F-11D3-BF4B-00C04F79EFBC}") = "DesignPattern", "DesignPattern\DesignPattern.csproj", "{A1A42D67-1A93-4E55-8B69-F330E63127DD}"
EndProject
Project("{2150E333-8FDC-42A3-9474-1A3956D46DE8}") = "CreationalDesignPattern", "CreationalDesignPattern", "{015BC441-C7D6-4D94-99C5-C3BE766541D4}"
EndProject
Project("{2150E333-8FDC-42A3-9474-1A3956D46DE8}") = "StructuralDesignPattern", "StructuralDesignPattern", "{EEDB3C8D-1E5D-4750-818B-8C900BDF0E80}"
EndProject
Project("{2150E333-8FDC-42A3-9474-1A3956D46DE8}") = "BehavioralDesignPattern", "BehavioralDesignPattern", "{5D65CA7A-EACF-4BCD-B603-2F6495736EC5}"
EndProject
Project("{FAE04EC0-301F-11D3-BF4B-00C04F79EFBC}") = "IteratorDesignPattern", "IteratorDesignPattern\IteratorDesignPattern.csproj", "{8875152D-2A69-4863-AB55-72722842F15E}"
EndProject
Project("{2150E333-8FDC-42A3-9474-1A3956D46DE8}") = "RepositoryDesignPattern", "RepositoryDesignPattern", "{D458D383-DD40-4FD0-AF68-12A4B140B53D}"
EndProject
Project("{2150E333-8FDC-42A3-9474-1A3956D46DE8}") = "InversionOfControl", "InversionOfControl", "{86CE0C99-B4ED-4953-B408-E9FD9BAC320B}"
EndProject
Project("{FAE04EC0-301F-11D3-BF4B-00C04F79EFBC}") = "ChainOfResponsibilityDesignPattern", "ChainOfResponsibilityDesignPattern\ChainOfResponsibilityDesignPattern.csproj", "{11163E9D-5A10-4C95-9A30-0E4BE73EA77D}"
EndProject
Project("{FAE04EC0-301F-11D3-BF4B-00C04F79EFBC}") = "FactoryDesignPattern", "FactoryDesignPattern\FactoryDesignPattern.csproj", "{D0C33F72-6468-4046-B2D6-FE8D4D056663}"
EndProject
Project("{FAE04EC0-301F-11D3-BF4B-00C04F79EFBC}") = "AbstractFactoryDesignPatern", "AbstractFactoryDesignPatern\AbstractFactoryDesignPatern.csproj", "{EBD5AB81-9FE5-41F1-B13C-F4354F8A21C1}"
EndProject
Project("{FAE04EC0-301F-11D3-BF4B-00C04F79EFBC}") = "BuilderDesignPattern", "BuilderDesignPattern\BuilderDesignPattern.csproj", "{4C7A8C08-61B0-4E5F-AFE0-D38CB915D0DD}"
EndProject
Project("{9A19103F-16F7-4668-BE54-9A1E7A4F7556}") = "FluentInterfaceDesighPattern", "FluentInterfaceDesighPattern\FluentInterfaceDesighPattern.csproj", "{AF741AAF-EC90-4479-A530-206054D7CF0C}"
EndProject
Project("{9A19103F-16F7-4668-BE54-9A1E7A4F7556}") = "ProtoTypeDesignPattern", "ProtoTypeDesignPattern\ProtoTypeDesignPattern.csproj", "{561BCA8A-C1C6-4357-A71F-2891DD8872A3}"
EndProject
Project("{9A19103F-16F7-4668-BE54-9A1E7A4F7556}") = "SingletonDemo", "SingletonDemo\SingletonDemo.csproj", "{3B4B1D6F-CD07-4A5F-AAE9-22A254CF50D6}"
EndProject
Project("{9A19103F-16F7-4668-BE54-9A1E7A4F7556}") = "AdapterDesignPattern", "AdapterDesignPattern\AdapterDesignPattern.csproj", "{BE59DFC3-EA1C-499D-999B-D5DBAA3365C3}"
EndProject
Project("{9A19103F-16F7-4668-BE54-9A1E7A4F7556}") = "AdapterDesignPatternRealTimeExample", "AdapterDesignPatternRealTimeExample\AdapterDesignPatternRealTimeExample.csproj", "{77F63A7B-9EE3-471B-9CEA-08D4A92C1C56}"
EndProject
Project("{9A19103F-16F7-4668-BE54-9A1E7A4F7556}") = "FacadeDesignPattern", "FacadeDesignPattern\FacadeDesignPattern.csproj", "{CF4C9699-7C02-419F-8CCB-79372648D1DB}"
EndProject
Project("{9A19103F-16F7-4668-BE54-9A1E7A4F7556}") = "DecoratorDesignPattern", "DecoratorDesignPattern\DecoratorDesignPattern.csproj", "{589BD4A4-1AC6-47F8-B123-436A22D63D47}"
EndProject
Project("{9A19103F-16F7-4668-BE54-9A1E7A4F7556}") = "DecoratorDesignPatternRealTimeExample", "DecoratorDesignPatternRealTimeExample\DecoratorDesignPatternRealTimeExample.csproj", "{75A1D6E5-58A8-46AD-8E8A-31AB39FB476A}"
EndProject
Project("{9A19103F-16F7-4668-BE54-9A1E7A4F7556}") = "BridgeDesignPattern", "BridgeDesignPattern\BridgeDesignPattern.csproj", "{E1F44F56-2984-48AC-8039-6B1D4A22D1D9}"
EndProject
Project("{9A19103F-16F7-4668-BE54-9A1E7A4F7556}") = "BridgePatternRealTimeExample", "BridgePatternRealTimeExample\BridgePatternRealTimeExample.csproj", "{33743FD8-3EE2-46FA-AF39-A20417210065}"
EndProject
Project("{9A19103F-16F7-4668-BE54-9A1E7A4F7556}") = "CompositDesignPattern", "CompositDesignPattern\CompositDesignPattern.csproj", "{98CFF3AE-7DB6-4233-AA52-F9BE86C4FA15}"
EndProject
Project("{9A19103F-16F7-4668-BE54-9A1E7A4F7556}") = "ProxyDesignPattern", "ProxyDesignPattern\ProxyDesignPattern.csproj", "{AA83735E-761D-40B9-AAC5-87DA6A5510F9}"
EndProject
Project("{9A19103F-16F7-4668-BE54-9A1E7A4F7556}") = "ProxyDesignPatternRealExample", "ProxyDesignPatternRealExample\ProxyDesignPatternRealExample.csproj", "{5D68057D-B2AF-47D2-AE83-25E5BD1170E3}"
EndProject
Project("{9A19103F-16F7-4668-BE54-9A1E7A4F7556}") = "FlyweightDesignPattern", "FlyweightDesignPattern\FlyweightDesignPattern.csproj", "{7720C3DF-E9A4-4196-ACB2-333C4757A4CA}"
EndProject
Project("{9A19103F-16F7-4668-BE54-9A1E7A4F7556}") = "ObserversDesignPattern", "ObserversDesignPattern\ObserversDesignPattern.csproj", "{0461CB3F-3AF6-4F87-AE54-BDE812670FBF}"
EndProject
Project("{9A19103F-16F7-4668-BE54-9A1E7A4F7556}") = "ChainOfResponsibilityDesignPatternRealTimeExample", "ChainOfResponsibilityDesignPatternRealTimeExample\ChainOfResponsibilityDesignPatternRealTimeExample.csproj", "{D426C368-63E8-4E3E-90FA-58CB26FF7BF0}"
EndProject
Project("{9A19103F-16F7-4668-BE54-9A1E7A4F7556}") = "StatePattern", "ConsoleApp2\StatePattern.csproj", "{A05F5F47-57F0-4DAA-ACE0-212F1D05A3F0}"
EndProject
Project("{9A19103F-16F7-4668-BE54-9A1E7A4F7556}") = "TemplateMethodDesignPattern", "TemplateMethodDesignPattern\TemplateMethodDesignPattern.csproj", "{C8F7AD42-E2B9-450A-819A-96F46670A8B9}"
EndProject
Project("{9A19103F-16F7-4668-BE54-9A1E7A4F7556}") = "TemplateDesignPattern", "TemplateDesignPattern\TemplateDesignPattern.csproj", "{B52505A7-069B-483C-ADA9-6AF398698639}"
EndProject
Project("{9A19103F-16F7-4668-BE54-9A1E7A4F7556}") = "ConmmandDesignPattern", "ConmmandDesignPattern\ConmmandDesignPattern.csproj", "{0FF59047-4A9C-47D2-8903-50799E33DDCF}"
EndProject
Project("{9A19103F-16F7-4668-BE54-9A1E7A4F7556}") = "StrategyDesignPattern", "StrategyDesignPattern\StrategyDesignPattern.csproj", "{93B45ABC-5330-4D1F-997D-E88D4F566194}"
EndProject
Project("{FAE04EC0-301F-11D3-BF4B-00C04F79EFBC}") = "VisitorDesignPattern", "VisitorDesignPattern\VisitorDesignPattern.csproj", "{CAB02D75-B267-426D-9C31-B296632D3F19}"
EndProject
Project("{FAE04EC0-301F-11D3-BF4B-00C04F79EFBC}") = "StrategyPatternPayment", "StrategyPatternPayment\StrategyPatternPayment.csproj", "{88E2712B-2297-4D48-AD4E-27FB69A8B8BA}"
EndProject
Project("{FAE04EC0-301F-11D3-BF4B-00C04F79EFBC}") = "InterPreterDesignPattern", "InterPreterDesignPattern\InterPreterDesignPattern.csproj", "{F9347B54-C4FD-406A-BF23-6741A630928C}"
EndProject
Project("{FAE04EC0-301F-11D3-BF4B-00C04F79EFBC}") = "MediatorDesignPattern", "MediatorDesignPattern\MediatorDesignPattern.csproj", "{D0D850AA-9020-41E4-9DFA-DBD2321BFB3A}"
EndProject
Project("{FAE04EC0-301F-11D3-BF4B-00C04F79EFBC}") = "MementoDesignPattern", "MementoDesignPattern\MementoDesignPattern.csproj", "{E78AEE01-044A-4FB4-8824-CDF8E8F56E05}"
EndProject
Global
	GlobalSection(SolutionConfigurationPlatforms) = preSolution
		Debug|Any CPU = Debug|Any CPU
		Release|Any CPU = Release|Any CPU
	EndGlobalSection
	GlobalSection(ProjectConfigurationPlatforms) = postSolution
		{A1A42D67-1A93-4E55-8B69-F330E63127DD}.Debug|Any CPU.ActiveCfg = Debug|Any CPU
		{A1A42D67-1A93-4E55-8B69-F330E63127DD}.Debug|Any CPU.Build.0 = Debug|Any CPU
		{A1A42D67-1A93-4E55-8B69-F330E63127DD}.Release|Any CPU.ActiveCfg = Release|Any CPU
		{A1A42D67-1A93-4E55-8B69-F330E63127DD}.Release|Any CPU.Build.0 = Release|Any CPU
		{8875152D-2A69-4863-AB55-72722842F15E}.Debug|Any CPU.ActiveCfg = Debug|Any CPU
		{8875152D-2A69-4863-AB55-72722842F15E}.Debug|Any CPU.Build.0 = Debug|Any CPU
		{8875152D-2A69-4863-AB55-72722842F15E}.Release|Any CPU.ActiveCfg = Release|Any CPU
		{8875152D-2A69-4863-AB55-72722842F15E}.Release|Any CPU.Build.0 = Release|Any CPU
		{11163E9D-5A10-4C95-9A30-0E4BE73EA77D}.Debug|Any CPU.ActiveCfg = Debug|Any CPU
		{11163E9D-5A10-4C95-9A30-0E4BE73EA77D}.Debug|Any CPU.Build.0 = Debug|Any CPU
		{11163E9D-5A10-4C95-9A30-0E4BE73EA77D}.Release|Any CPU.ActiveCfg = Release|Any CPU
		{11163E9D-5A10-4C95-9A30-0E4BE73EA77D}.Release|Any CPU.Build.0 = Release|Any CPU
		{D0C33F72-6468-4046-B2D6-FE8D4D056663}.Debug|Any CPU.ActiveCfg = Debug|Any CPU
		{D0C33F72-6468-4046-B2D6-FE8D4D056663}.Debug|Any CPU.Build.0 = Debug|Any CPU
		{D0C33F72-6468-4046-B2D6-FE8D4D056663}.Release|Any CPU.ActiveCfg = Release|Any CPU
		{D0C33F72-6468-4046-B2D6-FE8D4D056663}.Release|Any CPU.Build.0 = Release|Any CPU
		{EBD5AB81-9FE5-41F1-B13C-F4354F8A21C1}.Debug|Any CPU.ActiveCfg = Debug|Any CPU
		{EBD5AB81-9FE5-41F1-B13C-F4354F8A21C1}.Debug|Any CPU.Build.0 = Debug|Any CPU
		{EBD5AB81-9FE5-41F1-B13C-F4354F8A21C1}.Release|Any CPU.ActiveCfg = Release|Any CPU
		{EBD5AB81-9FE5-41F1-B13C-F4354F8A21C1}.Release|Any CPU.Build.0 = Release|Any CPU
		{4C7A8C08-61B0-4E5F-AFE0-D38CB915D0DD}.Debug|Any CPU.ActiveCfg = Debug|Any CPU
		{4C7A8C08-61B0-4E5F-AFE0-D38CB915D0DD}.Debug|Any CPU.Build.0 = Debug|Any CPU
		{4C7A8C08-61B0-4E5F-AFE0-D38CB915D0DD}.Release|Any CPU.ActiveCfg = Release|Any CPU
		{4C7A8C08-61B0-4E5F-AFE0-D38CB915D0DD}.Release|Any CPU.Build.0 = Release|Any CPU
		{AF741AAF-EC90-4479-A530-206054D7CF0C}.Debug|Any CPU.ActiveCfg = Debug|Any CPU
		{AF741AAF-EC90-4479-A530-206054D7CF0C}.Debug|Any CPU.Build.0 = Debug|Any CPU
		{AF741AAF-EC90-4479-A530-206054D7CF0C}.Release|Any CPU.ActiveCfg = Release|Any CPU
		{AF741AAF-EC90-4479-A530-206054D7CF0C}.Release|Any CPU.Build.0 = Release|Any CPU
		{561BCA8A-C1C6-4357-A71F-2891DD8872A3}.Debug|Any CPU.ActiveCfg = Debug|Any CPU
		{561BCA8A-C1C6-4357-A71F-2891DD8872A3}.Debug|Any CPU.Build.0 = Debug|Any CPU
		{561BCA8A-C1C6-4357-A71F-2891DD8872A3}.Release|Any CPU.ActiveCfg = Release|Any CPU
		{561BCA8A-C1C6-4357-A71F-2891DD8872A3}.Release|Any CPU.Build.0 = Release|Any CPU
		{3B4B1D6F-CD07-4A5F-AAE9-22A254CF50D6}.Debug|Any CPU.ActiveCfg = Debug|Any CPU
		{3B4B1D6F-CD07-4A5F-AAE9-22A254CF50D6}.Debug|Any CPU.Build.0 = Debug|Any CPU
		{3B4B1D6F-CD07-4A5F-AAE9-22A254CF50D6}.Release|Any CPU.ActiveCfg = Release|Any CPU
		{3B4B1D6F-CD07-4A5F-AAE9-22A254CF50D6}.Release|Any CPU.Build.0 = Release|Any CPU
		{BE59DFC3-EA1C-499D-999B-D5DBAA3365C3}.Debug|Any CPU.ActiveCfg = Debug|Any CPU
		{BE59DFC3-EA1C-499D-999B-D5DBAA3365C3}.Debug|Any CPU.Build.0 = Debug|Any CPU
		{BE59DFC3-EA1C-499D-999B-D5DBAA3365C3}.Release|Any CPU.ActiveCfg = Release|Any CPU
		{BE59DFC3-EA1C-499D-999B-D5DBAA3365C3}.Release|Any CPU.Build.0 = Release|Any CPU
		{77F63A7B-9EE3-471B-9CEA-08D4A92C1C56}.Debug|Any CPU.ActiveCfg = Debug|Any CPU
		{77F63A7B-9EE3-471B-9CEA-08D4A92C1C56}.Debug|Any CPU.Build.0 = Debug|Any CPU
		{77F63A7B-9EE3-471B-9CEA-08D4A92C1C56}.Release|Any CPU.ActiveCfg = Release|Any CPU
		{77F63A7B-9EE3-471B-9CEA-08D4A92C1C56}.Release|Any CPU.Build.0 = Release|Any CPU
		{CF4C9699-7C02-419F-8CCB-79372648D1DB}.Debug|Any CPU.ActiveCfg = Debug|Any CPU
		{CF4C9699-7C02-419F-8CCB-79372648D1DB}.Debug|Any CPU.Build.0 = Debug|Any CPU
		{CF4C9699-7C02-419F-8CCB-79372648D1DB}.Release|Any CPU.ActiveCfg = Release|Any CPU
		{CF4C9699-7C02-419F-8CCB-79372648D1DB}.Release|Any CPU.Build.0 = Release|Any CPU
		{589BD4A4-1AC6-47F8-B123-436A22D63D47}.Debug|Any CPU.ActiveCfg = Debug|Any CPU
		{589BD4A4-1AC6-47F8-B123-436A22D63D47}.Debug|Any CPU.Build.0 = Debug|Any CPU
		{589BD4A4-1AC6-47F8-B123-436A22D63D47}.Release|Any CPU.ActiveCfg = Release|Any CPU
		{589BD4A4-1AC6-47F8-B123-436A22D63D47}.Release|Any CPU.Build.0 = Release|Any CPU
		{75A1D6E5-58A8-46AD-8E8A-31AB39FB476A}.Debug|Any CPU.ActiveCfg = Debug|Any CPU
		{75A1D6E5-58A8-46AD-8E8A-31AB39FB476A}.Debug|Any CPU.Build.0 = Debug|Any CPU
		{75A1D6E5-58A8-46AD-8E8A-31AB39FB476A}.Release|Any CPU.ActiveCfg = Release|Any CPU
		{75A1D6E5-58A8-46AD-8E8A-31AB39FB476A}.Release|Any CPU.Build.0 = Release|Any CPU
		{E1F44F56-2984-48AC-8039-6B1D4A22D1D9}.Debug|Any CPU.ActiveCfg = Debug|Any CPU
		{E1F44F56-2984-48AC-8039-6B1D4A22D1D9}.Debug|Any CPU.Build.0 = Debug|Any CPU
		{E1F44F56-2984-48AC-8039-6B1D4A22D1D9}.Release|Any CPU.ActiveCfg = Release|Any CPU
		{E1F44F56-2984-48AC-8039-6B1D4A22D1D9}.Release|Any CPU.Build.0 = Release|Any CPU
		{33743FD8-3EE2-46FA-AF39-A20417210065}.Debug|Any CPU.ActiveCfg = Debug|Any CPU
		{33743FD8-3EE2-46FA-AF39-A20417210065}.Debug|Any CPU.Build.0 = Debug|Any CPU
		{33743FD8-3EE2-46FA-AF39-A20417210065}.Release|Any CPU.ActiveCfg = Release|Any CPU
		{33743FD8-3EE2-46FA-AF39-A20417210065}.Release|Any CPU.Build.0 = Release|Any CPU
		{98CFF3AE-7DB6-4233-AA52-F9BE86C4FA15}.Debug|Any CPU.ActiveCfg = Debug|Any CPU
		{98CFF3AE-7DB6-4233-AA52-F9BE86C4FA15}.Debug|Any CPU.Build.0 = Debug|Any CPU
		{98CFF3AE-7DB6-4233-AA52-F9BE86C4FA15}.Release|Any CPU.ActiveCfg = Release|Any CPU
		{98CFF3AE-7DB6-4233-AA52-F9BE86C4FA15}.Release|Any CPU.Build.0 = Release|Any CPU
		{AA83735E-761D-40B9-AAC5-87DA6A5510F9}.Debug|Any CPU.ActiveCfg = Debug|Any CPU
		{AA83735E-761D-40B9-AAC5-87DA6A5510F9}.Debug|Any CPU.Build.0 = Debug|Any CPU
		{AA83735E-761D-40B9-AAC5-87DA6A5510F9}.Release|Any CPU.ActiveCfg = Release|Any CPU
		{AA83735E-761D-40B9-AAC5-87DA6A5510F9}.Release|Any CPU.Build.0 = Release|Any CPU
		{5D68057D-B2AF-47D2-AE83-25E5BD1170E3}.Debug|Any CPU.ActiveCfg = Debug|Any CPU
		{5D68057D-B2AF-47D2-AE83-25E5BD1170E3}.Debug|Any CPU.Build.0 = Debug|Any CPU
		{5D68057D-B2AF-47D2-AE83-25E5BD1170E3}.Release|Any CPU.ActiveCfg = Release|Any CPU
		{5D68057D-B2AF-47D2-AE83-25E5BD1170E3}.Release|Any CPU.Build.0 = Release|Any CPU
		{7720C3DF-E9A4-4196-ACB2-333C4757A4CA}.Debug|Any CPU.ActiveCfg = Debug|Any CPU
		{7720C3DF-E9A4-4196-ACB2-333C4757A4CA}.Debug|Any CPU.Build.0 = Debug|Any CPU
		{7720C3DF-E9A4-4196-ACB2-333C4757A4CA}.Release|Any CPU.ActiveCfg = Release|Any CPU
		{7720C3DF-E9A4-4196-ACB2-333C4757A4CA}.Release|Any CPU.Build.0 = Release|Any CPU
		{0461CB3F-3AF6-4F87-AE54-BDE812670FBF}.Debug|Any CPU.ActiveCfg = Debug|Any CPU
		{0461CB3F-3AF6-4F87-AE54-BDE812670FBF}.Debug|Any CPU.Build.0 = Debug|Any CPU
		{0461CB3F-3AF6-4F87-AE54-BDE812670FBF}.Release|Any CPU.ActiveCfg = Release|Any CPU
		{0461CB3F-3AF6-4F87-AE54-BDE812670FBF}.Release|Any CPU.Build.0 = Release|Any CPU
		{D426C368-63E8-4E3E-90FA-58CB26FF7BF0}.Debug|Any CPU.ActiveCfg = Debug|Any CPU
		{D426C368-63E8-4E3E-90FA-58CB26FF7BF0}.Debug|Any CPU.Build.0 = Debug|Any CPU
		{D426C368-63E8-4E3E-90FA-58CB26FF7BF0}.Release|Any CPU.ActiveCfg = Release|Any CPU
		{D426C368-63E8-4E3E-90FA-58CB26FF7BF0}.Release|Any CPU.Build.0 = Release|Any CPU
		{A05F5F47-57F0-4DAA-ACE0-212F1D05A3F0}.Debug|Any CPU.ActiveCfg = Debug|Any CPU
		{A05F5F47-57F0-4DAA-ACE0-212F1D05A3F0}.Debug|Any CPU.Build.0 = Debug|Any CPU
		{A05F5F47-57F0-4DAA-ACE0-212F1D05A3F0}.Release|Any CPU.ActiveCfg = Release|Any CPU
		{A05F5F47-57F0-4DAA-ACE0-212F1D05A3F0}.Release|Any CPU.Build.0 = Release|Any CPU
		{C8F7AD42-E2B9-450A-819A-96F46670A8B9}.Debug|Any CPU.ActiveCfg = Debug|Any CPU
		{C8F7AD42-E2B9-450A-819A-96F46670A8B9}.Debug|Any CPU.Build.0 = Debug|Any CPU
		{C8F7AD42-E2B9-450A-819A-96F46670A8B9}.Release|Any CPU.ActiveCfg = Release|Any CPU
		{C8F7AD42-E2B9-450A-819A-96F46670A8B9}.Release|Any CPU.Build.0 = Release|Any CPU
		{B52505A7-069B-483C-ADA9-6AF398698639}.Debug|Any CPU.ActiveCfg = Debug|Any CPU
		{B52505A7-069B-483C-ADA9-6AF398698639}.Debug|Any CPU.Build.0 = Debug|Any CPU
		{B52505A7-069B-483C-ADA9-6AF398698639}.Release|Any CPU.ActiveCfg = Release|Any CPU
		{B52505A7-069B-483C-ADA9-6AF398698639}.Release|Any CPU.Build.0 = Release|Any CPU
		{0FF59047-4A9C-47D2-8903-50799E33DDCF}.Debug|Any CPU.ActiveCfg = Debug|Any CPU
		{0FF59047-4A9C-47D2-8903-50799E33DDCF}.Debug|Any CPU.Build.0 = Debug|Any CPU
		{0FF59047-4A9C-47D2-8903-50799E33DDCF}.Release|Any CPU.ActiveCfg = Release|Any CPU
		{0FF59047-4A9C-47D2-8903-50799E33DDCF}.Release|Any CPU.Build.0 = Release|Any CPU
		{93B45ABC-5330-4D1F-997D-E88D4F566194}.Debug|Any CPU.ActiveCfg = Debug|Any CPU
		{93B45ABC-5330-4D1F-997D-E88D4F566194}.Debug|Any CPU.Build.0 = Debug|Any CPU
		{93B45ABC-5330-4D1F-997D-E88D4F566194}.Release|Any CPU.ActiveCfg = Release|Any CPU
		{93B45ABC-5330-4D1F-997D-E88D4F566194}.Release|Any CPU.Build.0 = Release|Any CPU
		{CAB02D75-B267-426D-9C31-B296632D3F19}.Debug|Any CPU.ActiveCfg = Debug|Any CPU
		{CAB02D75-B267-426D-9C31-B296632D3F19}.Debug|Any CPU.Build.0 = Debug|Any CPU
		{CAB02D75-B267-426D-9C31-B296632D3F19}.Release|Any CPU.ActiveCfg = Release|Any CPU
		{CAB02D75-B267-426D-9C31-B296632D3F19}.Release|Any CPU.Build.0 = Release|Any CPU
		{88E2712B-2297-4D48-AD4E-27FB69A8B8BA}.Debug|Any CPU.ActiveCfg = Debug|Any CPU
		{88E2712B-2297-4D48-AD4E-27FB69A8B8BA}.Debug|Any CPU.Build.0 = Debug|Any CPU
		{88E2712B-2297-4D48-AD4E-27FB69A8B8BA}.Release|Any CPU.ActiveCfg = Release|Any CPU
		{88E2712B-2297-4D48-AD4E-27FB69A8B8BA}.Release|Any CPU.Build.0 = Release|Any CPU
		{F9347B54-C4FD-406A-BF23-6741A630928C}.Debug|Any CPU.ActiveCfg = Debug|Any CPU
		{F9347B54-C4FD-406A-BF23-6741A630928C}.Debug|Any CPU.Build.0 = Debug|Any CPU
		{F9347B54-C4FD-406A-BF23-6741A630928C}.Release|Any CPU.ActiveCfg = Release|Any CPU
		{F9347B54-C4FD-406A-BF23-6741A630928C}.Release|Any CPU.Build.0 = Release|Any CPU
		{D0D850AA-9020-41E4-9DFA-DBD2321BFB3A}.Debug|Any CPU.ActiveCfg = Debug|Any CPU
		{D0D850AA-9020-41E4-9DFA-DBD2321BFB3A}.Debug|Any CPU.Build.0 = Debug|Any CPU
		{D0D850AA-9020-41E4-9DFA-DBD2321BFB3A}.Release|Any CPU.ActiveCfg = Release|Any CPU
		{D0D850AA-9020-41E4-9DFA-DBD2321BFB3A}.Release|Any CPU.Build.0 = Release|Any CPU
		{E78AEE01-044A-4FB4-8824-CDF8E8F56E05}.Debug|Any CPU.ActiveCfg = Debug|Any CPU
		{E78AEE01-044A-4FB4-8824-CDF8E8F56E05}.Debug|Any CPU.Build.0 = Debug|Any CPU
		{E78AEE01-044A-4FB4-8824-CDF8E8F56E05}.Release|Any CPU.ActiveCfg = Release|Any CPU
		{E78AEE01-044A-4FB4-8824-CDF8E8F56E05}.Release|Any CPU.Build.0 = Release|Any CPU
	EndGlobalSection
	GlobalSection(SolutionProperties) = preSolution
		HideSolutionNode = FALSE
	EndGlobalSection
	GlobalSection(NestedProjects) = preSolution
		{8875152D-2A69-4863-AB55-72722842F15E} = {5D65CA7A-EACF-4BCD-B603-2F6495736EC5}
		{11163E9D-5A10-4C95-9A30-0E4BE73EA77D} = {5D65CA7A-EACF-4BCD-B603-2F6495736EC5}
		{D0C33F72-6468-4046-B2D6-FE8D4D056663} = {015BC441-C7D6-4D94-99C5-C3BE766541D4}
		{EBD5AB81-9FE5-41F1-B13C-F4354F8A21C1} = {015BC441-C7D6-4D94-99C5-C3BE766541D4}
		{4C7A8C08-61B0-4E5F-AFE0-D38CB915D0DD} = {015BC441-C7D6-4D94-99C5-C3BE766541D4}
		{AF741AAF-EC90-4479-A530-206054D7CF0C} = {015BC441-C7D6-4D94-99C5-C3BE766541D4}
		{561BCA8A-C1C6-4357-A71F-2891DD8872A3} = {015BC441-C7D6-4D94-99C5-C3BE766541D4}
		{3B4B1D6F-CD07-4A5F-AAE9-22A254CF50D6} = {015BC441-C7D6-4D94-99C5-C3BE766541D4}
		{BE59DFC3-EA1C-499D-999B-D5DBAA3365C3} = {EEDB3C8D-1E5D-4750-818B-8C900BDF0E80}
		{77F63A7B-9EE3-471B-9CEA-08D4A92C1C56} = {EEDB3C8D-1E5D-4750-818B-8C900BDF0E80}
		{CF4C9699-7C02-419F-8CCB-79372648D1DB} = {EEDB3C8D-1E5D-4750-818B-8C900BDF0E80}
		{589BD4A4-1AC6-47F8-B123-436A22D63D47} = {EEDB3C8D-1E5D-4750-818B-8C900BDF0E80}
		{75A1D6E5-58A8-46AD-8E8A-31AB39FB476A} = {EEDB3C8D-1E5D-4750-818B-8C900BDF0E80}
		{E1F44F56-2984-48AC-8039-6B1D4A22D1D9} = {EEDB3C8D-1E5D-4750-818B-8C900BDF0E80}
		{33743FD8-3EE2-46FA-AF39-A20417210065} = {EEDB3C8D-1E5D-4750-818B-8C900BDF0E80}
		{98CFF3AE-7DB6-4233-AA52-F9BE86C4FA15} = {EEDB3C8D-1E5D-4750-818B-8C900BDF0E80}
		{AA83735E-761D-40B9-AAC5-87DA6A5510F9} = {EEDB3C8D-1E5D-4750-818B-8C900BDF0E80}
		{5D68057D-B2AF-47D2-AE83-25E5BD1170E3} = {EEDB3C8D-1E5D-4750-818B-8C900BDF0E80}
		{7720C3DF-E9A4-4196-ACB2-333C4757A4CA} = {EEDB3C8D-1E5D-4750-818B-8C900BDF0E80}
		{0461CB3F-3AF6-4F87-AE54-BDE812670FBF} = {5D65CA7A-EACF-4BCD-B603-2F6495736EC5}
		{D426C368-63E8-4E3E-90FA-58CB26FF7BF0} = {5D65CA7A-EACF-4BCD-B603-2F6495736EC5}
		{A05F5F47-57F0-4DAA-ACE0-212F1D05A3F0} = {5D65CA7A-EACF-4BCD-B603-2F6495736EC5}
		{C8F7AD42-E2B9-450A-819A-96F46670A8B9} = {5D65CA7A-EACF-4BCD-B603-2F6495736EC5}
		{B52505A7-069B-483C-ADA9-6AF398698639} = {5D65CA7A-EACF-4BCD-B603-2F6495736EC5}
		{0FF59047-4A9C-47D2-8903-50799E33DDCF} = {5D65CA7A-EACF-4BCD-B603-2F6495736EC5}
		{93B45ABC-5330-4D1F-997D-E88D4F566194} = {5D65CA7A-EACF-4BCD-B603-2F6495736EC5}
		{CAB02D75-B267-426D-9C31-B296632D3F19} = {5D65CA7A-EACF-4BCD-B603-2F6495736EC5}
		{88E2712B-2297-4D48-AD4E-27FB69A8B8BA} = {5D65CA7A-EACF-4BCD-B603-2F6495736EC5}
		{F9347B54-C4FD-406A-BF23-6741A630928C} = {5D65CA7A-EACF-4BCD-B603-2F6495736EC5}
		{D0D850AA-9020-41E4-9DFA-DBD2321BFB3A} = {5D65CA7A-EACF-4BCD-B603-2F6495736EC5}
		{E78AEE01-044A-4FB4-8824-CDF8E8F56E05} = {5D65CA7A-EACF-4BCD-B603-2F6495736EC5}
	EndGlobalSection
	GlobalSection(ExtensibilityGlobals) = postSolution
		SolutionGuid = {43A16C0C-3E00-410D-80ED-E5FA93222504}
	EndGlobalSection
EndGlobal
